<?xml version="1.0" encoding="utf-8"?>
<Project ToolsVersion="4.0" xmlns="http://schemas.microsoft.com/developer/msbuild/2003">
  <ItemGroup>
    <Filter Include="win32">
      <UniqueIdentifier>{84a8ebd7-7cf0-47f6-b75e-d441df67da40}</UniqueIdentifier>
    </Filter>
    <Filter Include="Classes">
      <UniqueIdentifier>{bb6c862e-70e9-49d9-81b7-3829a6f50471}</UniqueIdentifier>
    </Filter>
    <Filter Include="Classes\Physic">
      <UniqueIdentifier>{3849b819-2c83-4bc5-9f94-13ef6f06af34}</UniqueIdentifier>
    </Filter>
    <Filter Include="Classes\Manuel">
      <UniqueIdentifier>{59ec0e97-8854-4f08-b2c7-9c3737fd7a6f}</UniqueIdentifier>
    </Filter>
    <Filter Include="Classes\Level">
      <UniqueIdentifier>{2a4e7cd6-07e6-47d7-8b49-5f2059cbcaab}</UniqueIdentifier>
    </Filter>
    <Filter Include="Classes\TinyXML">
      <UniqueIdentifier>{5f22f3f4-31dc-49ea-8e88-9d2f9a3ee1be}</UniqueIdentifier>
    </Filter>
  </ItemGroup>
  <ItemGroup>
    <ClCompile Include="main.cpp">
      <Filter>win32</Filter>
    </ClCompile>
    <ClCompile Include="..\Classes\AppDelegate.cpp">
      <Filter>Classes</Filter>
    </ClCompile>
    <ClCompile Include="..\Classes\HelloWorldScene.cpp">
      <Filter>Classes</Filter>
    </ClCompile>
    <ClCompile Include="..\Classes\GameScene.cpp">
      <Filter>Classes</Filter>
    </ClCompile>
    <ClCompile Include="..\Classes\Impulse.cpp">
      <Filter>Classes</Filter>
    </ClCompile>
    <ClCompile Include="..\Classes\MainMenuScene.cpp">
      <Filter>Classes</Filter>
    </ClCompile>
    <ClCompile Include="..\Classes\MyContactListener.cpp">
      <Filter>Classes</Filter>
    </ClCompile>
    <ClCompile Include="..\Classes\ParallaxLayer.cpp">
      <Filter>Classes</Filter>
    </ClCompile>
    <ClCompile Include="..\Classes\Part.cpp">
      <Filter>Classes</Filter>
    </ClCompile>
    <ClCompile Include="..\Classes\DropAble.cpp">
      <Filter>Classes</Filter>
    </ClCompile>
    <ClCompile Include="..\Classes\Manuel\SoundManager.cpp">
      <Filter>Classes\Manuel</Filter>
    </ClCompile>
    <ClCompile Include="..\Classes\Physic\B2DebugDrawLayer.cpp">
      <Filter>Classes\Physic</Filter>
    </ClCompile>
    <ClCompile Include="..\Classes\Physic\GLES-Render.cpp">
      <Filter>Classes\Physic</Filter>
    </ClCompile>
    <ClCompile Include="..\Classes\Level\Resources.cpp">
      <Filter>Classes\Level</Filter>
    </ClCompile>
    <ClCompile Include="..\Classes\Level\LevelMap.cpp">
      <Filter>Classes\Level</Filter>
    </ClCompile>
    <ClCompile Include="..\Classes\TinyXML\tinystr.cpp">
      <Filter>Classes\TinyXML</Filter>
    </ClCompile>
    <ClCompile Include="..\Classes\TinyXML\tinyxml.cpp">
      <Filter>Classes\TinyXML</Filter>
    </ClCompile>
    <ClCompile Include="..\Classes\TinyXML\tinyxmlerror.cpp">
      <Filter>Classes\TinyXML</Filter>
    </ClCompile>
    <ClCompile Include="..\Classes\TinyXML\tinyxmlparser.cpp">
      <Filter>Classes\TinyXML</Filter>
    </ClCompile>
    <ClCompile Include="..\Classes\CCSpriterX.cpp">
      <Filter>Classes</Filter>
    </ClCompile>
  </ItemGroup>
  <ItemGroup>
    <ClInclude Include="main.h">
      <Filter>win32</Filter>
    </ClInclude>
    <ClInclude Include="..\Classes\AppDelegate.h">
      <Filter>Classes</Filter>
    </ClInclude>
    <ClInclude Include="..\Classes\HelloWorldScene.h">
      <Filter>Classes</Filter>
    </ClInclude>
    <ClInclude Include="..\Classes\DropAble.h">
      <Filter>Classes</Filter>
    </ClInclude>
    <ClInclude Include="..\Classes\Effect.h">
      <Filter>Classes</Filter>
    </ClInclude>
    <ClInclude Include="..\Classes\GameScene.h">
      <Filter>Classes</Filter>
    </ClInclude>
    <ClInclude Include="..\Classes\ImageFiles.h">
      <Filter>Classes</Filter>
    </ClInclude>
    <ClInclude Include="..\Classes\Impulse.h">
      <Filter>Classes</Filter>
    </ClInclude>
    <ClInclude Include="..\Classes\Konstanten.h">
      <Filter>Classes</Filter>
    </ClInclude>
    <ClInclude Include="..\Classes\MainMenuScene.h">
      <Filter>Classes</Filter>
    </ClInclude>
    <ClInclude Include="..\Classes\MouseListener.h">
      <Filter>Classes</Filter>
    </ClInclude>
    <ClInclude Include="..\Classes\MoveAble.h">
      <Filter>Classes</Filter>
    </ClInclude>
    <ClInclude Include="..\Classes\MyContactListener.h">
      <Filter>Classes</Filter>
    </ClInclude>
    <ClInclude Include="..\Classes\ParallaxLayer.h">
      <Filter>Classes</Filter>
    </ClInclude>
    <ClInclude Include="..\Classes\Part.h">
      <Filter>Classes</Filter>
    </ClInclude>
    <ClInclude Include="..\Classes\Collider.h">
      <Filter>Classes</Filter>
    </ClInclude>
    <ClInclude Include="..\Classes\DamageAble.h">
      <Filter>Classes</Filter>
    </ClInclude>
    <ClInclude Include="..\Classes\DestroyAble.h">
      <Filter>Classes</Filter>
    </ClInclude>
    <ClInclude Include="..\Classes\Manuel\SoundManager.h">
      <Filter>Classes\Manuel</Filter>
    </ClInclude>
    <ClInclude Include="..\Classes\Physic\B2DebugDrawLayer.h">
      <Filter>Classes\Physic</Filter>
    </ClInclude>
    <ClInclude Include="..\Classes\Physic\GLES-Render.h">
      <Filter>Classes\Physic</Filter>
    </ClInclude>
    <ClInclude Include="..\Classes\Level\Resources.h">
      <Filter>Classes\Level</Filter>
    </ClInclude>
    <ClInclude Include="..\Classes\Level\LevelMap.h">
      <Filter>Classes\Level</Filter>
    </ClInclude>
    <ClInclude Include="..\Classes\TinyXML\tinystr.h">
      <Filter>Classes\TinyXML</Filter>
    </ClInclude>
    <ClInclude Include="..\Classes\TinyXML\tinyxml.h">
      <Filter>Classes\TinyXML</Filter>
    </ClInclude>
    <ClInclude Include="..\Classes\SpriterNode.h">
      <Filter>Classes</Filter>
    </ClInclude>
    <ClInclude Include="..\Classes\CCSpriterX.h">
      <Filter>Classes</Filter>
    </ClInclude>
  </ItemGroup>
  <ItemGroup>
    <None Include="..\Classes\Physic\README.md">
      <Filter>Classes\Physic</Filter>
    </None>
  </ItemGroup>
</Project>